
Microsoft Visual Studio Solution File, Format Version 12.00
# Visual Studio Version 17
VisualStudioVersion = 17.11.35303.130
MinimumVisualStudioVersion = 10.0.40219.1
Project("{FAE04EC0-301F-11D3-BF4B-00C04F79EFBC}") = "TodoAPI", "TodoAPI\TodoAPI.csproj", "{56ADAEF0-69C0-4A0A-9C96-626B2CAACD2E}"
EndProject
Global
	GlobalSection(SolutionConfigurationPlatforms) = preSolution
		Debug|Any CPU = Debug|Any CPU
		Release|Any CPU = Release|Any CPU
	EndGlobalSection
	GlobalSection(ProjectConfigurationPlatforms) = postSolution
		{56ADAEF0-69C0-4A0A-9C96-626B2CAACD2E}.Debug|Any CPU.ActiveCfg = Debug|Any CPU
		{56ADAEF0-69C0-4A0A-9C96-626B2CAACD2E}.Debug|Any CPU.Build.0 = Debug|Any CPU
		{56ADAEF0-69C0-4A0A-9C96-626B2CAACD2E}.Release|Any CPU.ActiveCfg = Release|Any CPU
		{56ADAEF0-69C0-4A0A-9C96-626B2CAACD2E}.Release|Any CPU.Build.0 = Release|Any CPU
	EndGlobalSection
	GlobalSection(SolutionProperties) = preSolution
		HideSolutionNode = FALSE
	EndGlobalSection
	GlobalSection(ExtensibilityGlobals) = postSolution
		SolutionGuid = {EC7B1EFC-D1C0-40F7-BE45-CDA1C1B2DCC0}
	EndGlobalSection
EndGlobal
